// !$*UTF8*$!
{
	archiveVersion = 1;
	classes = {
	};
	objectVersion = 56;
	objects = {

/* Begin PBXBuildFile section */
		B83F943D2BEB9E1600CC829D /* CoursesApp.swift in Sources */ = {isa = PBXBuildFile; fileRef = B83F943C2BEB9E1600CC829D /* CoursesApp.swift */; };
		B83F943F2BEB9E1600CC829D /* ContentView.swift in Sources */ = {isa = PBXBuildFile; fileRef = B83F943E2BEB9E1600CC829D /* ContentView.swift */; };
		B83F94412BEB9E1700CC829D /* Assets.xcassets in Resources */ = {isa = PBXBuildFile; fileRef = B83F94402BEB9E1700CC829D /* Assets.xcassets */; };
		B83F94442BEB9E1700CC829D /* Preview Assets.xcassets in Resources */ = {isa = PBXBuildFile; fileRef = B83F94432BEB9E1700CC829D /* Preview Assets.xcassets */; };
		B83F944C2BEBA0BC00CC829D /* Models.swift in Sources */ = {isa = PBXBuildFile; fileRef = B83F944B2BEBA0BC00CC829D /* Models.swift */; };
		B83F944F2BEBDA4B00CC829D /* TopicListView.swift in Sources */ = {isa = PBXBuildFile; fileRef = B83F944E2BEBDA4B00CC829D /* TopicListView.swift */; };
		B83F94512BEBDAC400CC829D /* TopicDetailView.swift in Sources */ = {isa = PBXBuildFile; fileRef = B83F94502BEBDAC400CC829D /* TopicDetailView.swift */; };
		B83F94532BEBDAF700CC829D /* QuizView.swift in Sources */ = {isa = PBXBuildFile; fileRef = B83F94522BEBDAF700CC829D /* QuizView.swift */; };
		B83F94562BEBDDFB00CC829D /* Yams in Frameworks */ = {isa = PBXBuildFile; productRef = B83F94552BEBDDFB00CC829D /* Yams */; };
		B83F94582BEBDF0900CC829D /* DBManager.swift in Sources */ = {isa = PBXBuildFile; fileRef = B83F94572BEBDF0900CC829D /* DBManager.swift */; };
		B8429A042BEBF244002ADC0C /* ts.png in Resources */ = {isa = PBXBuildFile; fileRef = B84299FA2BEBF244002ADC0C /* ts.png */; };
		B8429A052BEBF244002ADC0C /* default-cover.png in Resources */ = {isa = PBXBuildFile; fileRef = B84299FB2BEBF244002ADC0C /* default-cover.png */; };
		B8429A062BEBF244002ADC0C /* flutter.png in Resources */ = {isa = PBXBuildFile; fileRef = B84299FC2BEBF244002ADC0C /* flutter.png */; };
		B8429A072BEBF244002ADC0C /* angular.png in Resources */ = {isa = PBXBuildFile; fileRef = B84299FD2BEBF244002ADC0C /* angular.png */; };
		B8429A082BEBF244002ADC0C /* firestore.png in Resources */ = {isa = PBXBuildFile; fileRef = B84299FE2BEBF244002ADC0C /* firestore.png */; };
		B8429A092BEBF244002ADC0C /* firebase.png in Resources */ = {isa = PBXBuildFile; fileRef = B84299FF2BEBF244002ADC0C /* firebase.png */; };
		B8429A0A2BEBF244002ADC0C /* js.png in Resources */ = {isa = PBXBuildFile; fileRef = B8429A002BEBF244002ADC0C /* js.png */; };
		B8429A0B2BEBF244002ADC0C /* cloud-functions.png in Resources */ = {isa = PBXBuildFile; fileRef = B8429A012BEBF244002ADC0C /* cloud-functions.png */; };
		B8429A0C2BEBF244002ADC0C /* flutter-layout.png in Resources */ = {isa = PBXBuildFile; fileRef = B8429A022BEBF244002ADC0C /* flutter-layout.png */; };
		B8429A0D2BEBF244002ADC0C /* rxjs.png in Resources */ = {isa = PBXBuildFile; fileRef = B8429A032BEBF244002ADC0C /* rxjs.png */; };
		B867B05E2BECD45B0028E766 /* flutter.yaml in Resources */ = {isa = PBXBuildFile; fileRef = B867B0432BECD45B0028E766 /* flutter.yaml */; };
		B867B05F2BECD45B0028E766 /* ts.yaml in Resources */ = {isa = PBXBuildFile; fileRef = B867B0442BECD45B0028E766 /* ts.yaml */; };
		B867B0602BECD45B0028E766 /* firestore.yaml in Resources */ = {isa = PBXBuildFile; fileRef = B867B0452BECD45B0028E766 /* firestore.yaml */; };
		B867B0612BECD45B0028E766 /* rxjs.yaml in Resources */ = {isa = PBXBuildFile; fileRef = B867B0462BECD45B0028E766 /* rxjs.yaml */; };
		B867B0622BECD45B0028E766 /* js.yaml in Resources */ = {isa = PBXBuildFile; fileRef = B867B0472BECD45B0028E766 /* js.yaml */; };
		B867B0632BECD45B0028E766 /* firebase.yaml in Resources */ = {isa = PBXBuildFile; fileRef = B867B0482BECD45B0028E766 /* firebase.yaml */; };
		B867B0642BECD45B0028E766 /* angular.yaml in Resources */ = {isa = PBXBuildFile; fileRef = B867B0492BECD45B0028E766 /* angular.yaml */; };
		B867B0652BECD45B0028E766 /* cf.yaml in Resources */ = {isa = PBXBuildFile; fileRef = B867B04A2BECD45B0028E766 /* cf.yaml */; };
		B867B0662BECD45B0028E766 /* defaults.yaml in Resources */ = {isa = PBXBuildFile; fileRef = B867B04C2BECD45B0028E766 /* defaults.yaml */; };
		B867B0672BECD45B0028E766 /* flutter-material.yaml in Resources */ = {isa = PBXBuildFile; fileRef = B867B04D2BECD45B0028E766 /* flutter-material.yaml */; };
		B867B0682BECD45B0028E766 /* ts-basics.yaml in Resources */ = {isa = PBXBuildFile; fileRef = B867B04E2BECD45B0028E766 /* ts-basics.yaml */; };
		B867B0692BECD45B0028E766 /* firebase-perf.yaml in Resources */ = {isa = PBXBuildFile; fileRef = B867B04F2BECD45B0028E766 /* firebase-perf.yaml */; };
		B867B06A2BECD45B0028E766 /* flutter-basics.yaml in Resources */ = {isa = PBXBuildFile; fileRef = B867B0502BECD45B0028E766 /* flutter-basics.yaml */; };
		B867B06B2BECD45B0028E766 /* flutter-gestures.yaml in Resources */ = {isa = PBXBuildFile; fileRef = B867B0512BECD45B0028E766 /* flutter-gestures.yaml */; };
		B867B06C2BECD45B0028E766 /* js-basics.yaml in Resources */ = {isa = PBXBuildFile; fileRef = B867B0522BECD45B0028E766 /* js-basics.yaml */; };
		B867B06D2BECD45B0028E766 /* flutter-containers.yaml in Resources */ = {isa = PBXBuildFile; fileRef = B867B0532BECD45B0028E766 /* flutter-containers.yaml */; };
		B867B06E2BECD45B0028E766 /* angular-basics.yaml in Resources */ = {isa = PBXBuildFile; fileRef = B867B0542BECD45B0028E766 /* angular-basics.yaml */; };
		B867B06F2BECD45B0028E766 /* js-variables.yaml in Resources */ = {isa = PBXBuildFile; fileRef = B867B0552BECD45B0028E766 /* js-variables.yaml */; };
		B867B0702BECD45B0028E766 /* tester.yaml in Resources */ = {isa = PBXBuildFile; fileRef = B867B0562BECD45B0028E766 /* tester.yaml */; };
		B867B0712BECD45B0028E766 /* cf-triggers.yaml in Resources */ = {isa = PBXBuildFile; fileRef = B867B0572BECD45B0028E766 /* cf-triggers.yaml */; };
		B867B0722BECD45B0028E766 /* rxjs-basics.yaml in Resources */ = {isa = PBXBuildFile; fileRef = B867B0582BECD45B0028E766 /* rxjs-basics.yaml */; };
		B867B0732BECD45B0028E766 /* flutter-flex.yaml in Resources */ = {isa = PBXBuildFile; fileRef = B867B0592BECD45B0028E766 /* flutter-flex.yaml */; };
		B867B0742BECD45B0028E766 /* angular-templates.yaml in Resources */ = {isa = PBXBuildFile; fileRef = B867B05A2BECD45B0028E766 /* angular-templates.yaml */; };
		B867B0752BECD45B0028E766 /* flutter-scroll.yaml in Resources */ = {isa = PBXBuildFile; fileRef = B867B05B2BECD45B0028E766 /* flutter-scroll.yaml */; };
		B867B0762BECD45B0028E766 /* firestore-basics.yaml in Resources */ = {isa = PBXBuildFile; fileRef = B867B05C2BECD45B0028E766 /* firestore-basics.yaml */; };
		B867B0772BECD45B0028E766 /* cf-basics.yaml in Resources */ = {isa = PBXBuildFile; fileRef = B867B05D2BECD45B0028E766 /* cf-basics.yaml */; };
/* End PBXBuildFile section */

/* Begin PBXFileReference section */
		B83F94392BEB9E1600CC829D /* Courses.app */ = {isa = PBXFileReference; explicitFileType = wrapper.application; includeInIndex = 0; path = Courses.app; sourceTree = BUILT_PRODUCTS_DIR; };
		B83F943C2BEB9E1600CC829D /* CoursesApp.swift */ = {isa = PBXFileReference; lastKnownFileType = sourcecode.swift; path = CoursesApp.swift; sourceTree = "<group>"; };
		B83F943E2BEB9E1600CC829D /* ContentView.swift */ = {isa = PBXFileReference; lastKnownFileType = sourcecode.swift; path = ContentView.swift; sourceTree = "<group>"; };
		B83F94402BEB9E1700CC829D /* Assets.xcassets */ = {isa = PBXFileReference; lastKnownFileType = folder.assetcatalog; path = Assets.xcassets; sourceTree = "<group>"; };
		B83F94432BEB9E1700CC829D /* Preview Assets.xcassets */ = {isa = PBXFileReference; lastKnownFileType = folder.assetcatalog; path = "Preview Assets.xcassets"; sourceTree = "<group>"; };
		B83F944B2BEBA0BC00CC829D /* Models.swift */ = {isa = PBXFileReference; lastKnownFileType = sourcecode.swift; path = Models.swift; sourceTree = "<group>"; };
		B83F944E2BEBDA4B00CC829D /* TopicListView.swift */ = {isa = PBXFileReference; lastKnownFileType = sourcecode.swift; path = TopicListView.swift; sourceTree = "<group>"; };
		B83F94502BEBDAC400CC829D /* TopicDetailView.swift */ = {isa = PBXFileReference; lastKnownFileType = sourcecode.swift; path = TopicDetailView.swift; sourceTree = "<group>"; };
		B83F94522BEBDAF700CC829D /* QuizView.swift */ = {isa = PBXFileReference; lastKnownFileType = sourcecode.swift; path = QuizView.swift; sourceTree = "<group>"; };
		B83F94572BEBDF0900CC829D /* DBManager.swift */ = {isa = PBXFileReference; lastKnownFileType = sourcecode.swift; path = DBManager.swift; sourceTree = "<group>"; };
		B84299FA2BEBF244002ADC0C /* ts.png */ = {isa = PBXFileReference; lastKnownFileType = image.png; path = ts.png; sourceTree = "<group>"; };
		B84299FB2BEBF244002ADC0C /* default-cover.png */ = {isa = PBXFileReference; lastKnownFileType = image.png; path = "default-cover.png"; sourceTree = "<group>"; };
		B84299FC2BEBF244002ADC0C /* flutter.png */ = {isa = PBXFileReference; lastKnownFileType = image.png; path = flutter.png; sourceTree = "<group>"; };
		B84299FD2BEBF244002ADC0C /* angular.png */ = {isa = PBXFileReference; lastKnownFileType = image.png; path = angular.png; sourceTree = "<group>"; };
		B84299FE2BEBF244002ADC0C /* firestore.png */ = {isa = PBXFileReference; lastKnownFileType = image.png; path = firestore.png; sourceTree = "<group>"; };
		B84299FF2BEBF244002ADC0C /* firebase.png */ = {isa = PBXFileReference; lastKnownFileType = image.png; path = firebase.png; sourceTree = "<group>"; };
		B8429A002BEBF244002ADC0C /* js.png */ = {isa = PBXFileReference; lastKnownFileType = image.png; path = js.png; sourceTree = "<group>"; };
		B8429A012BEBF244002ADC0C /* cloud-functions.png */ = {isa = PBXFileReference; lastKnownFileType = image.png; path = "cloud-functions.png"; sourceTree = "<group>"; };
		B8429A022BEBF244002ADC0C /* flutter-layout.png */ = {isa = PBXFileReference; lastKnownFileType = image.png; path = "flutter-layout.png"; sourceTree = "<group>"; };
		B8429A032BEBF244002ADC0C /* rxjs.png */ = {isa = PBXFileReference; lastKnownFileType = image.png; path = rxjs.png; sourceTree = "<group>"; };
		B867B0432BECD45B0028E766 /* flutter.yaml */ = {isa = PBXFileReference; fileEncoding = 4; lastKnownFileType = text.yaml; path = flutter.yaml; sourceTree = "<group>"; };
		B867B0442BECD45B0028E766 /* ts.yaml */ = {isa = PBXFileReference; fileEncoding = 4; lastKnownFileType = text.yaml; path = ts.yaml; sourceTree = "<group>"; };
		B867B0452BECD45B0028E766 /* firestore.yaml */ = {isa = PBXFileReference; fileEncoding = 4; lastKnownFileType = text.yaml; path = firestore.yaml; sourceTree = "<group>"; };
		B867B0462BECD45B0028E766 /* rxjs.yaml */ = {isa = PBXFileReference; fileEncoding = 4; lastKnownFileType = text.yaml; path = rxjs.yaml; sourceTree = "<group>"; };
		B867B0472BECD45B0028E766 /* js.yaml */ = {isa = PBXFileReference; fileEncoding = 4; lastKnownFileType = text.yaml; path = js.yaml; sourceTree = "<group>"; };
		B867B0482BECD45B0028E766 /* firebase.yaml */ = {isa = PBXFileReference; fileEncoding = 4; lastKnownFileType = text.yaml; path = firebase.yaml; sourceTree = "<group>"; };
		B867B0492BECD45B0028E766 /* angular.yaml */ = {isa = PBXFileReference; fileEncoding = 4; lastKnownFileType = text.yaml; path = angular.yaml; sourceTree = "<group>"; };
		B867B04A2BECD45B0028E766 /* cf.yaml */ = {isa = PBXFileReference; fileEncoding = 4; lastKnownFileType = text.yaml; path = cf.yaml; sourceTree = "<group>"; };
		B867B04C2BECD45B0028E766 /* defaults.yaml */ = {isa = PBXFileReference; fileEncoding = 4; lastKnownFileType = text.yaml; path = defaults.yaml; sourceTree = "<group>"; };
		B867B04D2BECD45B0028E766 /* flutter-material.yaml */ = {isa = PBXFileReference; fileEncoding = 4; lastKnownFileType = text.yaml; path = "flutter-material.yaml"; sourceTree = "<group>"; };
		B867B04E2BECD45B0028E766 /* ts-basics.yaml */ = {isa = PBXFileReference; fileEncoding = 4; lastKnownFileType = text.yaml; path = "ts-basics.yaml"; sourceTree = "<group>"; };
		B867B04F2BECD45B0028E766 /* firebase-perf.yaml */ = {isa = PBXFileReference; fileEncoding = 4; lastKnownFileType = text.yaml; path = "firebase-perf.yaml"; sourceTree = "<group>"; };
		B867B0502BECD45B0028E766 /* flutter-basics.yaml */ = {isa = PBXFileReference; fileEncoding = 4; lastKnownFileType = text.yaml; path = "flutter-basics.yaml"; sourceTree = "<group>"; };
		B867B0512BECD45B0028E766 /* flutter-gestures.yaml */ = {isa = PBXFileReference; fileEncoding = 4; lastKnownFileType = text.yaml; path = "flutter-gestures.yaml"; sourceTree = "<group>"; };
		B867B0522BECD45B0028E766 /* js-basics.yaml */ = {isa = PBXFileReference; fileEncoding = 4; lastKnownFileType = text.yaml; path = "js-basics.yaml"; sourceTree = "<group>"; };
		B867B0532BECD45B0028E766 /* flutter-containers.yaml */ = {isa = PBXFileReference; fileEncoding = 4; lastKnownFileType = text.yaml; path = "flutter-containers.yaml"; sourceTree = "<group>"; };
		B867B0542BECD45B0028E766 /* angular-basics.yaml */ = {isa = PBXFileReference; fileEncoding = 4; lastKnownFileType = text.yaml; path = "angular-basics.yaml"; sourceTree = "<group>"; };
		B867B0552BECD45B0028E766 /* js-variables.yaml */ = {isa = PBXFileReference; fileEncoding = 4; lastKnownFileType = text.yaml; path = "js-variables.yaml"; sourceTree = "<group>"; };
		B867B0562BECD45B0028E766 /* tester.yaml */ = {isa = PBXFileReference; fileEncoding = 4; lastKnownFileType = text.yaml; path = tester.yaml; sourceTree = "<group>"; };
		B867B0572BECD45B0028E766 /* cf-triggers.yaml */ = {isa = PBXFileReference; fileEncoding = 4; lastKnownFileType = text.yaml; path = "cf-triggers.yaml"; sourceTree = "<group>"; };
		B867B0582BECD45B0028E766 /* rxjs-basics.yaml */ = {isa = PBXFileReference; fileEncoding = 4; lastKnownFileType = text.yaml; path = "rxjs-basics.yaml"; sourceTree = "<group>"; };
		B867B0592BECD45B0028E766 /* flutter-flex.yaml */ = {isa = PBXFileReference; fileEncoding = 4; lastKnownFileType = text.yaml; path = "flutter-flex.yaml"; sourceTree = "<group>"; };
		B867B05A2BECD45B0028E766 /* angular-templates.yaml */ = {isa = PBXFileReference; fileEncoding = 4; lastKnownFileType = text.yaml; path = "angular-templates.yaml"; sourceTree = "<group>"; };
		B867B05B2BECD45B0028E766 /* flutter-scroll.yaml */ = {isa = PBXFileReference; fileEncoding = 4; lastKnownFileType = text.yaml; path = "flutter-scroll.yaml"; sourceTree = "<group>"; };
		B867B05C2BECD45B0028E766 /* firestore-basics.yaml */ = {isa = PBXFileReference; fileEncoding = 4; lastKnownFileType = text.yaml; path = "firestore-basics.yaml"; sourceTree = "<group>"; };
		B867B05D2BECD45B0028E766 /* cf-basics.yaml */ = {isa = PBXFileReference; fileEncoding = 4; lastKnownFileType = text.yaml; path = "cf-basics.yaml"; sourceTree = "<group>"; };
/* End PBXFileReference section */

/* Begin PBXFrameworksBuildPhase section */
		B83F94362BEB9E1600CC829D /* Frameworks */ = {
			isa = PBXFrameworksBuildPhase;
			buildActionMask = 2147483647;
			files = (
				B83F94562BEBDDFB00CC829D /* Yams in Frameworks */,
			);
			runOnlyForDeploymentPostprocessing = 0;
		};
/* End PBXFrameworksBuildPhase section */

/* Begin PBXGroup section */
		B83F94302BEB9E1600CC829D = {
			isa = PBXGroup;
			children = (
				B83F943B2BEB9E1600CC829D /* Courses */,
				B83F943A2BEB9E1600CC829D /* Products */,
			);
			sourceTree = "<group>";
		};
		B83F943A2BEB9E1600CC829D /* Products */ = {
			isa = PBXGroup;
			children = (
				B83F94392BEB9E1600CC829D /* Courses.app */,
			);
			name = Products;
			sourceTree = "<group>";
		};
		B83F943B2BEB9E1600CC829D /* Courses */ = {
			isa = PBXGroup;
			children = (
				B867B04B2BECD45B0028E766 /* quizzes */,
				B867B0422BECD45B0028E766 /* topics */,
				B84299F92BEBF244002ADC0C /* covers */,
				B83F944D2BEBDA3400CC829D /* Views */,
				B83F944A2BEBA0A700CC829D /* Models */,
				B83F943C2BEB9E1600CC829D /* CoursesApp.swift */,
				B83F943E2BEB9E1600CC829D /* ContentView.swift */,
				B83F94402BEB9E1700CC829D /* Assets.xcassets */,
				B83F94422BEB9E1700CC829D /* Preview Content */,
				B83F94572BEBDF0900CC829D /* DBManager.swift */,
			);
			path = Courses;
			sourceTree = "<group>";
		};
		B83F94422BEB9E1700CC829D /* Preview Content */ = {
			isa = PBXGroup;
			children = (
				B83F94432BEB9E1700CC829D /* Preview Assets.xcassets */,
			);
			path = "Preview Content";
			sourceTree = "<group>";
		};
		B83F944A2BEBA0A700CC829D /* Models */ = {
			isa = PBXGroup;
			children = (
				B83F944B2BEBA0BC00CC829D /* Models.swift */,
			);
			path = Models;
			sourceTree = "<group>";
		};
		B83F944D2BEBDA3400CC829D /* Views */ = {
			isa = PBXGroup;
			children = (
				B83F944E2BEBDA4B00CC829D /* TopicListView.swift */,
				B83F94502BEBDAC400CC829D /* TopicDetailView.swift */,
				B83F94522BEBDAF700CC829D /* QuizView.swift */,
			);
			path = Views;
			sourceTree = "<group>";
		};
		B84299F92BEBF244002ADC0C /* covers */ = {
			isa = PBXGroup;
			children = (
				B84299FA2BEBF244002ADC0C /* ts.png */,
				B84299FB2BEBF244002ADC0C /* default-cover.png */,
				B84299FC2BEBF244002ADC0C /* flutter.png */,
				B84299FD2BEBF244002ADC0C /* angular.png */,
				B84299FE2BEBF244002ADC0C /* firestore.png */,
				B84299FF2BEBF244002ADC0C /* firebase.png */,
				B8429A002BEBF244002ADC0C /* js.png */,
				B8429A012BEBF244002ADC0C /* cloud-functions.png */,
				B8429A022BEBF244002ADC0C /* flutter-layout.png */,
				B8429A032BEBF244002ADC0C /* rxjs.png */,
			);
			path = covers;
			sourceTree = "<group>";
		};
		B867B0422BECD45B0028E766 /* topics */ = {
			isa = PBXGroup;
			children = (
				B867B0432BECD45B0028E766 /* flutter.yaml */,
				B867B0442BECD45B0028E766 /* ts.yaml */,
				B867B0452BECD45B0028E766 /* firestore.yaml */,
				B867B0462BECD45B0028E766 /* rxjs.yaml */,
				B867B0472BECD45B0028E766 /* js.yaml */,
				B867B0482BECD45B0028E766 /* firebase.yaml */,
				B867B0492BECD45B0028E766 /* angular.yaml */,
				B867B04A2BECD45B0028E766 /* cf.yaml */,
			);
			path = topics;
			sourceTree = "<group>";
		};
		B867B04B2BECD45B0028E766 /* quizzes */ = {
			isa = PBXGroup;
			children = (
				B867B04C2BECD45B0028E766 /* defaults.yaml */,
				B867B04D2BECD45B0028E766 /* flutter-material.yaml */,
				B867B04E2BECD45B0028E766 /* ts-basics.yaml */,
				B867B04F2BECD45B0028E766 /* firebase-perf.yaml */,
				B867B0502BECD45B0028E766 /* flutter-basics.yaml */,
				B867B0512BECD45B0028E766 /* flutter-gestures.yaml */,
				B867B0522BECD45B0028E766 /* js-basics.yaml */,
				B867B0532BECD45B0028E766 /* flutter-containers.yaml */,
				B867B0542BECD45B0028E766 /* angular-basics.yaml */,
				B867B0552BECD45B0028E766 /* js-variables.yaml */,
				B867B0562BECD45B0028E766 /* tester.yaml */,
				B867B0572BECD45B0028E766 /* cf-triggers.yaml */,
				B867B0582BECD45B0028E766 /* rxjs-basics.yaml */,
				B867B0592BECD45B0028E766 /* flutter-flex.yaml */,
				B867B05A2BECD45B0028E766 /* angular-templates.yaml */,
				B867B05B2BECD45B0028E766 /* flutter-scroll.yaml */,
				B867B05C2BECD45B0028E766 /* firestore-basics.yaml */,
				B867B05D2BECD45B0028E766 /* cf-basics.yaml */,
			);
			path = quizzes;
			sourceTree = "<group>";
		};
/* End PBXGroup section */

/* Begin PBXNativeTarget section */
		B83F94382BEB9E1600CC829D /* Courses */ = {
			isa = PBXNativeTarget;
			buildConfigurationList = B83F94472BEB9E1700CC829D /* Build configuration list for PBXNativeTarget "Courses" */;
			buildPhases = (
				B83F94352BEB9E1600CC829D /* Sources */,
				B83F94362BEB9E1600CC829D /* Frameworks */,
				B83F94372BEB9E1600CC829D /* Resources */,
			);
			buildRules = (
			);
			dependencies = (
			);
			name = Courses;
			packageProductDependencies = (
				B83F94552BEBDDFB00CC829D /* Yams */,
			);
			productName = Courses;
			productReference = B83F94392BEB9E1600CC829D /* Courses.app */;
			productType = "com.apple.product-type.application";
		};
/* End PBXNativeTarget section */

/* Begin PBXProject section */
		B83F94312BEB9E1600CC829D /* Project object */ = {
			isa = PBXProject;
			attributes = {
				BuildIndependentTargetsInParallel = 1;
				LastSwiftUpdateCheck = 1500;
				LastUpgradeCheck = 1500;
				TargetAttributes = {
					B83F94382BEB9E1600CC829D = {
						CreatedOnToolsVersion = 15.0.1;
					};
				};
			};
			buildConfigurationList = B83F94342BEB9E1600CC829D /* Build configuration list for PBXProject "Courses" */;
			compatibilityVersion = "Xcode 14.0";
			developmentRegion = en;
			hasScannedForEncodings = 0;
			knownRegions = (
				en,
				Base,
			);
			mainGroup = B83F94302BEB9E1600CC829D;
			packageReferences = (
				B83F94542BEBDDFB00CC829D /* XCRemoteSwiftPackageReference "Yams" */,
			);
			productRefGroup = B83F943A2BEB9E1600CC829D /* Products */;
			projectDirPath = "";
			projectRoot = "";
			targets = (
				B83F94382BEB9E1600CC829D /* Courses */,
			);
		};
/* End PBXProject section */

/* Begin PBXResourcesBuildPhase section */
		B83F94372BEB9E1600CC829D /* Resources */ = {
			isa = PBXResourcesBuildPhase;
			buildActionMask = 2147483647;
			files = (
				B867B0762BECD45B0028E766 /* firestore-basics.yaml in Resources */,
				B8429A092BEBF244002ADC0C /* firebase.png in Resources */,
				B867B0612BECD45B0028E766 /* rxjs.yaml in Resources */,
				B867B0752BECD45B0028E766 /* flutter-scroll.yaml in Resources */,
				B867B0672BECD45B0028E766 /* flutter-material.yaml in Resources */,
				B867B0662BECD45B0028E766 /* defaults.yaml in Resources */,
				B8429A062BEBF244002ADC0C /* flutter.png in Resources */,
				B867B0642BECD45B0028E766 /* angular.yaml in Resources */,
				B867B0722BECD45B0028E766 /* rxjs-basics.yaml in Resources */,
				B867B0692BECD45B0028E766 /* firebase-perf.yaml in Resources */,
				B867B0772BECD45B0028E766 /* cf-basics.yaml in Resources */,
				B867B0732BECD45B0028E766 /* flutter-flex.yaml in Resources */,
				B867B06F2BECD45B0028E766 /* js-variables.yaml in Resources */,
				B867B0682BECD45B0028E766 /* ts-basics.yaml in Resources */,
				B8429A0B2BEBF244002ADC0C /* cloud-functions.png in Resources */,
				B867B06C2BECD45B0028E766 /* js-basics.yaml in Resources */,
				B8429A052BEBF244002ADC0C /* default-cover.png in Resources */,
				B8429A042BEBF244002ADC0C /* ts.png in Resources */,
				B8429A072BEBF244002ADC0C /* angular.png in Resources */,
				B867B0712BECD45B0028E766 /* cf-triggers.yaml in Resources */,
				B867B05E2BECD45B0028E766 /* flutter.yaml in Resources */,
				B8429A0D2BEBF244002ADC0C /* rxjs.png in Resources */,
				B867B0702BECD45B0028E766 /* tester.yaml in Resources */,
				B867B06A2BECD45B0028E766 /* flutter-basics.yaml in Resources */,
				B8429A082BEBF244002ADC0C /* firestore.png in Resources */,
				B867B05F2BECD45B0028E766 /* ts.yaml in Resources */,
				B867B06B2BECD45B0028E766 /* flutter-gestures.yaml in Resources */,
				B8429A0C2BEBF244002ADC0C /* flutter-layout.png in Resources */,
				B867B06E2BECD45B0028E766 /* angular-basics.yaml in Resources */,
				B83F94442BEB9E1700CC829D /* Preview Assets.xcassets in Resources */,
				B867B0622BECD45B0028E766 /* js.yaml in Resources */,
				B867B0602BECD45B0028E766 /* firestore.yaml in Resources */,
				B8429A0A2BEBF244002ADC0C /* js.png in Resources */,
				B867B0652BECD45B0028E766 /* cf.yaml in Resources */,
				B867B06D2BECD45B0028E766 /* flutter-containers.yaml in Resources */,
				B83F94412BEB9E1700CC829D /* Assets.xcassets in Resources */,
				B867B0632BECD45B0028E766 /* firebase.yaml in Resources */,
				B867B0742BECD45B0028E766 /* angular-templates.yaml in Resources */,
			);
			runOnlyForDeploymentPostprocessing = 0;
		};
/* End PBXResourcesBuildPhase section */

/* Begin PBXSourcesBuildPhase section */
		B83F94352BEB9E1600CC829D /* Sources */ = {
			isa = PBXSourcesBuildPhase;
			buildActionMask = 2147483647;
			files = (
				B83F944F2BEBDA4B00CC829D /* TopicListView.swift in Sources */,
				B83F94512BEBDAC400CC829D /* TopicDetailView.swift in Sources */,
				B83F944C2BEBA0BC00CC829D /* Models.swift in Sources */,
				B83F943F2BEB9E1600CC829D /* ContentView.swift in Sources */,
				B83F943D2BEB9E1600CC829D /* CoursesApp.swift in Sources */,
				B83F94532BEBDAF700CC829D /* QuizView.swift in Sources */,
				B83F94582BEBDF0900CC829D /* DBManager.swift in Sources */,
			);
			runOnlyForDeploymentPostprocessing = 0;
		};
/* End PBXSourcesBuildPhase section */

/* Begin XCBuildConfiguration section */
		B83F94452BEB9E1700CC829D /* Debug */ = {
			isa = XCBuildConfiguration;
			buildSettings = {
				ALWAYS_SEARCH_USER_PATHS = NO;
				ASSETCATALOG_COMPILER_GENERATE_SWIFT_ASSET_SYMBOL_EXTENSIONS = YES;
				CLANG_ANALYZER_NONNULL = YES;
				CLANG_ANALYZER_NUMBER_OBJECT_CONVERSION = YES_AGGRESSIVE;
				CLANG_CXX_LANGUAGE_STANDARD = "gnu++20";
				CLANG_ENABLE_MODULES = YES;
				CLANG_ENABLE_OBJC_ARC = YES;
				CLANG_ENABLE_OBJC_WEAK = YES;
				CLANG_WARN_BLOCK_CAPTURE_AUTORELEASING = YES;
				CLANG_WARN_BOOL_CONVERSION = YES;
				CLANG_WARN_COMMA = YES;
				CLANG_WARN_CONSTANT_CONVERSION = YES;
				CLANG_WARN_DEPRECATED_OBJC_IMPLEMENTATIONS = YES;
				CLANG_WARN_DIRECT_OBJC_ISA_USAGE = YES_ERROR;
				CLANG_WARN_DOCUMENTATION_COMMENTS = YES;
				CLANG_WARN_EMPTY_BODY = YES;
				CLANG_WARN_ENUM_CONVERSION = YES;
				CLANG_WARN_INFINITE_RECURSION = YES;
				CLANG_WARN_INT_CONVERSION = YES;
				CLANG_WARN_NON_LITERAL_NULL_CONVERSION = YES;
				CLANG_WARN_OBJC_IMPLICIT_RETAIN_SELF = YES;
				CLANG_WARN_OBJC_LITERAL_CONVERSION = YES;
				CLANG_WARN_OBJC_ROOT_CLASS = YES_ERROR;
				CLANG_WARN_QUOTED_INCLUDE_IN_FRAMEWORK_HEADER = YES;
				CLANG_WARN_RANGE_LOOP_ANALYSIS = YES;
				CLANG_WARN_STRICT_PROTOTYPES = YES;
				CLANG_WARN_SUSPICIOUS_MOVE = YES;
				CLANG_WARN_UNGUARDED_AVAILABILITY = YES_AGGRESSIVE;
				CLANG_WARN_UNREACHABLE_CODE = YES;
				CLANG_WARN__DUPLICATE_METHOD_MATCH = YES;
				COPY_PHASE_STRIP = NO;
				DEBUG_INFORMATION_FORMAT = dwarf;
				ENABLE_STRICT_OBJC_MSGSEND = YES;
				ENABLE_TESTABILITY = YES;
				ENABLE_USER_SCRIPT_SANDBOXING = YES;
				GCC_C_LANGUAGE_STANDARD = gnu17;
				GCC_DYNAMIC_NO_PIC = NO;
				GCC_NO_COMMON_BLOCKS = YES;
				GCC_OPTIMIZATION_LEVEL = 0;
				GCC_PREPROCESSOR_DEFINITIONS = (
					"DEBUG=1",
					"$(inherited)",
				);
				GCC_WARN_64_TO_32_BIT_CONVERSION = YES;
				GCC_WARN_ABOUT_RETURN_TYPE = YES_ERROR;
				GCC_WARN_UNDECLARED_SELECTOR = YES;
				GCC_WARN_UNINITIALIZED_AUTOS = YES_AGGRESSIVE;
				GCC_WARN_UNUSED_FUNCTION = YES;
				GCC_WARN_UNUSED_VARIABLE = YES;
				IPHONEOS_DEPLOYMENT_TARGET = 17.0;
				LOCALIZATION_PREFERS_STRING_CATALOGS = YES;
				MTL_ENABLE_DEBUG_INFO = INCLUDE_SOURCE;
				MTL_FAST_MATH = YES;
				ONLY_ACTIVE_ARCH = YES;
				SDKROOT = iphoneos;
				SWIFT_ACTIVE_COMPILATION_CONDITIONS = "DEBUG $(inherited)";
				SWIFT_OPTIMIZATION_LEVEL = "-Onone";
			};
			name = Debug;
		};
		B83F94462BEB9E1700CC829D /* Release */ = {
			isa = XCBuildConfiguration;
			buildSettings = {
				ALWAYS_SEARCH_USER_PATHS = NO;
				ASSETCATALOG_COMPILER_GENERATE_SWIFT_ASSET_SYMBOL_EXTENSIONS = YES;
				CLANG_ANALYZER_NONNULL = YES;
				CLANG_ANALYZER_NUMBER_OBJECT_CONVERSION = YES_AGGRESSIVE;
				CLANG_CXX_LANGUAGE_STANDARD = "gnu++20";
				CLANG_ENABLE_MODULES = YES;
				CLANG_ENABLE_OBJC_ARC = YES;
				CLANG_ENABLE_OBJC_WEAK = YES;
				CLANG_WARN_BLOCK_CAPTURE_AUTORELEASING = YES;
				CLANG_WARN_BOOL_CONVERSION = YES;
				CLANG_WARN_COMMA = YES;
				CLANG_WARN_CONSTANT_CONVERSION = YES;
				CLANG_WARN_DEPRECATED_OBJC_IMPLEMENTATIONS = YES;
				CLANG_WARN_DIRECT_OBJC_ISA_USAGE = YES_ERROR;
				CLANG_WARN_DOCUMENTATION_COMMENTS = YES;
				CLANG_WARN_EMPTY_BODY = YES;
				CLANG_WARN_ENUM_CONVERSION = YES;
				CLANG_WARN_INFINITE_RECURSION = YES;
				CLANG_WARN_INT_CONVERSION = YES;
				CLANG_WARN_NON_LITERAL_NULL_CONVERSION = YES;
				CLANG_WARN_OBJC_IMPLICIT_RETAIN_SELF = YES;
				CLANG_WARN_OBJC_LITERAL_CONVERSION = YES;
				CLANG_WARN_OBJC_ROOT_CLASS = YES_ERROR;
				CLANG_WARN_QUOTED_INCLUDE_IN_FRAMEWORK_HEADER = YES;
				CLANG_WARN_RANGE_LOOP_ANALYSIS = YES;
				CLANG_WARN_STRICT_PROTOTYPES = YES;
				CLANG_WARN_SUSPICIOUS_MOVE = YES;
				CLANG_WARN_UNGUARDED_AVAILABILITY = YES_AGGRESSIVE;
				CLANG_WARN_UNREACHABLE_CODE = YES;
				CLANG_WARN__DUPLICATE_METHOD_MATCH = YES;
				COPY_PHASE_STRIP = NO;
				DEBUG_INFORMATION_FORMAT = "dwarf-with-dsym";
				ENABLE_NS_ASSERTIONS = NO;
				ENABLE_STRICT_OBJC_MSGSEND = YES;
				ENABLE_USER_SCRIPT_SANDBOXING = YES;
				GCC_C_LANGUAGE_STANDARD = gnu17;
				GCC_NO_COMMON_BLOCKS = YES;
				GCC_WARN_64_TO_32_BIT_CONVERSION = YES;
				GCC_WARN_ABOUT_RETURN_TYPE = YES_ERROR;
				GCC_WARN_UNDECLARED_SELECTOR = YES;
				GCC_WARN_UNINITIALIZED_AUTOS = YES_AGGRESSIVE;
				GCC_WARN_UNUSED_FUNCTION = YES;
				GCC_WARN_UNUSED_VARIABLE = YES;
				IPHONEOS_DEPLOYMENT_TARGET = 17.0;
				LOCALIZATION_PREFERS_STRING_CATALOGS = YES;
				MTL_ENABLE_DEBUG_INFO = NO;
				MTL_FAST_MATH = YES;
				SDKROOT = iphoneos;
				SWIFT_COMPILATION_MODE = wholemodule;
				VALIDATE_PRODUCT = YES;
			};
			name = Release;
		};
		B83F94482BEB9E1700CC829D /* Debug */ = {
			isa = XCBuildConfiguration;
			buildSettings = {
				ASSETCATALOG_COMPILER_APPICON_NAME = AppIcon;
				ASSETCATALOG_COMPILER_GLOBAL_ACCENT_COLOR_NAME = AccentColor;
				CODE_SIGN_STYLE = Automatic;
				CURRENT_PROJECT_VERSION = 1;
				DEVELOPMENT_ASSET_PATHS = "\"Courses/Preview Content\"";
				DEVELOPMENT_TEAM = ARBVNWRV3Y;
				ENABLE_PREVIEWS = YES;
				GENERATE_INFOPLIST_FILE = YES;
				INFOPLIST_KEY_UIApplicationSceneManifest_Generation = YES;
				INFOPLIST_KEY_UIApplicationSupportsIndirectInputEvents = YES;
				INFOPLIST_KEY_UILaunchScreen_Generation = YES;
				INFOPLIST_KEY_UISupportedInterfaceOrientations_iPad = "UIInterfaceOrientationPortrait UIInterfaceOrientationPortraitUpsideDown UIInterfaceOrientationLandscapeLeft UIInterfaceOrientationLandscapeRight";
				INFOPLIST_KEY_UISupportedInterfaceOrientations_iPhone = "UIInterfaceOrientationPortrait UIInterfaceOrientationLandscapeLeft UIInterfaceOrientationLandscapeRight";
				LD_RUNPATH_SEARCH_PATHS = (
					"$(inherited)",
					"@executable_path/Frameworks",
				);
				MARKETING_VERSION = 1.0;
				PRODUCT_BUNDLE_IDENTIFIER = com.github.kakimnsnv.Courses;
				PRODUCT_NAME = "$(TARGET_NAME)";
				SWIFT_EMIT_LOC_STRINGS = YES;
				SWIFT_VERSION = 5.0;
				TARGETED_DEVICE_FAMILY = "1,2";
			};
			name = Debug;
		};
		B83F94492BEB9E1700CC829D /* Release */ = {
			isa = XCBuildConfiguration;
			buildSettings = {
				ASSETCATALOG_COMPILER_APPICON_NAME = AppIcon;
				ASSETCATALOG_COMPILER_GLOBAL_ACCENT_COLOR_NAME = AccentColor;
				CODE_SIGN_STYLE = Automatic;
				CURRENT_PROJECT_VERSION = 1;
				DEVELOPMENT_ASSET_PATHS = "\"Courses/Preview Content\"";
				DEVELOPMENT_TEAM = ARBVNWRV3Y;
				ENABLE_PREVIEWS = YES;
				GENERATE_INFOPLIST_FILE = YES;
				INFOPLIST_KEY_UIApplicationSceneManifest_Generation = YES;
				INFOPLIST_KEY_UIApplicationSupportsIndirectInputEvents = YES;
				INFOPLIST_KEY_UILaunchScreen_Generation = YES;
				INFOPLIST_KEY_UISupportedInterfaceOrientations_iPad = "UIInterfaceOrientationPortrait UIInterfaceOrientationPortraitUpsideDown UIInterfaceOrientationLandscapeLeft UIInterfaceOrientationLandscapeRight";
				INFOPLIST_KEY_UISupportedInterfaceOrientations_iPhone = "UIInterfaceOrientationPortrait UIInterfaceOrientationLandscapeLeft UIInterfaceOrientationLandscapeRight";
				LD_RUNPATH_SEARCH_PATHS = (
					"$(inherited)",
					"@executable_path/Frameworks",
				);
				MARKETING_VERSION = 1.0;
				PRODUCT_BUNDLE_IDENTIFIER = com.github.kakimnsnv.Courses;
				PRODUCT_NAME = "$(TARGET_NAME)";
				SWIFT_EMIT_LOC_STRINGS = YES;
				SWIFT_VERSION = 5.0;
				TARGETED_DEVICE_FAMILY = "1,2";
			};
			name = Release;
		};
/* End XCBuildConfiguration section */

/* Begin XCConfigurationList section */
		B83F94342BEB9E1600CC829D /* Build configuration list for PBXProject "Courses" */ = {
			isa = XCConfigurationList;
			buildConfigurations = (
				B83F94452BEB9E1700CC829D /* Debug */,
				B83F94462BEB9E1700CC829D /* Release */,
			);
			defaultConfigurationIsVisible = 0;
			defaultConfigurationName = Release;
		};
		B83F94472BEB9E1700CC829D /* Build configuration list for PBXNativeTarget "Courses" */ = {
			isa = XCConfigurationList;
			buildConfigurations = (
				B83F94482BEB9E1700CC829D /* Debug */,
				B83F94492BEB9E1700CC829D /* Release */,
			);
			defaultConfigurationIsVisible = 0;
			defaultConfigurationName = Release;
		};
/* End XCConfigurationList section */

/* Begin XCRemoteSwiftPackageReference section */
		B83F94542BEBDDFB00CC829D /* XCRemoteSwiftPackageReference "Yams" */ = {
			isa = XCRemoteSwiftPackageReference;
			repositoryURL = "https://github.com/jpsim/Yams.git";
			requirement = {
				kind = upToNextMajorVersion;
				minimumVersion = 5.1.2;
			};
		};
/* End XCRemoteSwiftPackageReference section */

/* Begin XCSwiftPackageProductDependency section */
		B83F94552BEBDDFB00CC829D /* Yams */ = {
			isa = XCSwiftPackageProductDependency;
			package = B83F94542BEBDDFB00CC829D /* XCRemoteSwiftPackageReference "Yams" */;
			productName = Yams;
		};
/* End XCSwiftPackageProductDependency section */
	};
	rootObject = B83F94312BEB9E1600CC829D /* Project object */;
}
